
Microsoft Visual Studio Solution File, Format Version 12.00
# Visual Studio Version 17
VisualStudioVersion = 17.11.35312.102
MinimumVisualStudioVersion = 10.0.40219.1
Project("{9A19103F-16F7-4668-BE54-9A1E7A4F7556}") = "CantineWebAPI", "CantineWebAPI\CantineWebAPI.csproj", "{F70F559A-DA31-4705-A3C6-50A8729355C2}"
EndProject
Project("{9A19103F-16F7-4668-BE54-9A1E7A4F7556}") = "Cantine.Test", "Cantine.Test\Cantine.Test.csproj", "{D7071082-170C-45F6-9541-567042D221BB}"
EndProject
Project("{9A19103F-16F7-4668-BE54-9A1E7A4F7556}") = "Cantine.DataAccess", "Cantine.DataAccess\Cantine.DataAccess.csproj", "{085BEB84-4729-4EFC-A6D7-76E693FF27E1}"
EndProject
Project("{9A19103F-16F7-4668-BE54-9A1E7A4F7556}") = "Cantine.Application", "Cantine.Application\Cantine.Application.csproj", "{32222720-519A-4ACC-A315-233DFEFFCBF9}"
EndProject
Project("{9A19103F-16F7-4668-BE54-9A1E7A4F7556}") = "Cantine.Domain", "Cantine.Domain\Cantine.Domain.csproj", "{92E959A4-756D-416F-8D5D-B1D0B4AEDAE7}"
EndProject
Global
	GlobalSection(SolutionConfigurationPlatforms) = preSolution
		Debug|Any CPU = Debug|Any CPU
		Release|Any CPU = Release|Any CPU
	EndGlobalSection
	GlobalSection(ProjectConfigurationPlatforms) = postSolution
		{F70F559A-DA31-4705-A3C6-50A8729355C2}.Debug|Any CPU.ActiveCfg = Debug|Any CPU
		{F70F559A-DA31-4705-A3C6-50A8729355C2}.Debug|Any CPU.Build.0 = Debug|Any CPU
		{F70F559A-DA31-4705-A3C6-50A8729355C2}.Release|Any CPU.ActiveCfg = Release|Any CPU
		{F70F559A-DA31-4705-A3C6-50A8729355C2}.Release|Any CPU.Build.0 = Release|Any CPU
		{D7071082-170C-45F6-9541-567042D221BB}.Debug|Any CPU.ActiveCfg = Debug|Any CPU
		{D7071082-170C-45F6-9541-567042D221BB}.Debug|Any CPU.Build.0 = Debug|Any CPU
		{D7071082-170C-45F6-9541-567042D221BB}.Release|Any CPU.ActiveCfg = Release|Any CPU
		{D7071082-170C-45F6-9541-567042D221BB}.Release|Any CPU.Build.0 = Release|Any CPU
		{085BEB84-4729-4EFC-A6D7-76E693FF27E1}.Debug|Any CPU.ActiveCfg = Debug|Any CPU
		{085BEB84-4729-4EFC-A6D7-76E693FF27E1}.Debug|Any CPU.Build.0 = Debug|Any CPU
		{085BEB84-4729-4EFC-A6D7-76E693FF27E1}.Release|Any CPU.ActiveCfg = Release|Any CPU
		{085BEB84-4729-4EFC-A6D7-76E693FF27E1}.Release|Any CPU.Build.0 = Release|Any CPU
		{32222720-519A-4ACC-A315-233DFEFFCBF9}.Debug|Any CPU.ActiveCfg = Debug|Any CPU
		{32222720-519A-4ACC-A315-233DFEFFCBF9}.Debug|Any CPU.Build.0 = Debug|Any CPU
		{32222720-519A-4ACC-A315-233DFEFFCBF9}.Release|Any CPU.ActiveCfg = Release|Any CPU
		{32222720-519A-4ACC-A315-233DFEFFCBF9}.Release|Any CPU.Build.0 = Release|Any CPU
		{92E959A4-756D-416F-8D5D-B1D0B4AEDAE7}.Debug|Any CPU.ActiveCfg = Debug|Any CPU
		{92E959A4-756D-416F-8D5D-B1D0B4AEDAE7}.Debug|Any CPU.Build.0 = Debug|Any CPU
		{92E959A4-756D-416F-8D5D-B1D0B4AEDAE7}.Release|Any CPU.ActiveCfg = Release|Any CPU
		{92E959A4-756D-416F-8D5D-B1D0B4AEDAE7}.Release|Any CPU.Build.0 = Release|Any CPU
	EndGlobalSection
	GlobalSection(SolutionProperties) = preSolution
		HideSolutionNode = FALSE
	EndGlobalSection
	GlobalSection(ExtensibilityGlobals) = postSolution
		SolutionGuid = {8835D1DB-0A90-4652-BD94-FCA935A85955}
	EndGlobalSection
EndGlobal
